
Microsoft Visual Studio Solution File, Format Version 12.00
# Visual Studio Version 16
VisualStudioVersion = 16.0.30309.148
MinimumVisualStudioVersion = 10.0.40219.1
Project("{FAE04EC0-301F-11D3-BF4B-00C04F79EFBC}") = "CarSalesDemo", "CarSalesDemo\CarSalesDemo.csproj", "{0C5D5E7D-21FC-4A34-BC25-3A0AD45DBC69}"
EndProject
Global
	GlobalSection(SolutionConfigurationPlatforms) = preSolution
		Debug|Any CPU = Debug|Any CPU
		Release|Any CPU = Release|Any CPU
	EndGlobalSection
	GlobalSection(ProjectConfigurationPlatforms) = postSolution
		{0C5D5E7D-21FC-4A34-BC25-3A0AD45DBC69}.Debug|Any CPU.ActiveCfg = Debug|Any CPU
		{0C5D5E7D-21FC-4A34-BC25-3A0AD45DBC69}.Debug|Any CPU.Build.0 = Debug|Any CPU
		{0C5D5E7D-21FC-4A34-BC25-3A0AD45DBC69}.Release|Any CPU.ActiveCfg = Release|Any CPU
		{0C5D5E7D-21FC-4A34-BC25-3A0AD45DBC69}.Release|Any CPU.Build.0 = Release|Any CPU
	EndGlobalSection
	GlobalSection(SolutionProperties) = preSolution
		HideSolutionNode = FALSE
	EndGlobalSection
	GlobalSection(ExtensibilityGlobals) = postSolution
		SolutionGuid = {6072B611-93E9-4EFB-A1E7-EE6D0725AA32}
	EndGlobalSection
EndGlobal
